
Microsoft Visual Studio Solution File, Format Version 12.00
# Visual Studio 15
VisualStudioVersion = 15.0.28307.539
MinimumVisualStudioVersion = 10.0.40219.1
Project("{FAE04EC0-301F-11D3-BF4B-00C04F79EFBC}") = "valuutta 2", "valuutta 2\valuutta 2.csproj", "{51E16974-9842-40E0-830F-ADE223F7083B}"
EndProject
Global
	GlobalSection(SolutionConfigurationPlatforms) = preSolution
		Debug|Any CPU = Debug|Any CPU
		Release|Any CPU = Release|Any CPU
	EndGlobalSection
	GlobalSection(ProjectConfigurationPlatforms) = postSolution
		{51E16974-9842-40E0-830F-ADE223F7083B}.Debug|Any CPU.ActiveCfg = Debug|Any CPU
		{51E16974-9842-40E0-830F-ADE223F7083B}.Debug|Any CPU.Build.0 = Debug|Any CPU
		{51E16974-9842-40E0-830F-ADE223F7083B}.Release|Any CPU.ActiveCfg = Release|Any CPU
		{51E16974-9842-40E0-830F-ADE223F7083B}.Release|Any CPU.Build.0 = Release|Any CPU
	EndGlobalSection
	GlobalSection(SolutionProperties) = preSolution
		HideSolutionNode = FALSE
	EndGlobalSection
	GlobalSection(ExtensibilityGlobals) = postSolution
		SolutionGuid = {DD3E26BF-CFB9-4B72-BB56-B68DDA7B3069}
	EndGlobalSection
EndGlobal
